channels:
  - conda-forge
dependencies:
  - bzip2=1.0.8
  - ca-certificates=2024.12.14
  - libblas=3.9.0
  - libcblas=3.9.0
  - libcxx=19.1.7
  - libexpat=2.6.4
  - libffi=3.4.2
  - libgfortran=5.0.0
  - libgfortran5=13.2.0
  - liblapack=3.9.0
  - liblzma=5.6.3
  - libmpdec=4.0.0
  - libopenblas=0.3.28
  - libsqlite=3.48.0
  - libzlib=1.3.1
  - llvm-openmp=19.1.7
  - ncurses=6.5
  - numpy=2.2.2
  - openssl=3.4.0
  - packaging=24.2
  - pandas=2.2.3
  - pip=25.0
  - python=3.13.1
  - python-dateutil=2.9.0.post0
  - python-tzdata=2025.1
  - python_abi=3.13
  - pytz=2024.1
  - readline=8.2
  - six=1.17.0
  - tk=8.6.13
  - tzdata=2025a
  - xarray=2025.1.1
name: qiu-2024-decarb
